
Microsoft Visual Studio Solution File, Format Version 12.00
# Visual Studio 14
VisualStudioVersion = 14.0.23107.0
MinimumVisualStudioVersion = 10.0.40219.1
Project("{FAE04EC0-301F-11D3-BF4B-00C04F79EFBC}") = "GarageDoorOpenerWin", "GarageDoorOpenerWin\GarageDoorOpenerWin.csproj", "{CC00D3CA-7188-4508-9071-13E33FEB122A}"
EndProject
Global
	GlobalSection(SolutionConfigurationPlatforms) = preSolution
		Debug|Any CPU = Debug|Any CPU
		Debug|ARM = Debug|ARM
		Debug|x86 = Debug|x86
		Release|Any CPU = Release|Any CPU
		Release|ARM = Release|ARM
		Release|x86 = Release|x86
	EndGlobalSection
	GlobalSection(ProjectConfigurationPlatforms) = postSolution
		{CC00D3CA-7188-4508-9071-13E33FEB122A}.Debug|Any CPU.ActiveCfg = Debug|Any CPU
		{CC00D3CA-7188-4508-9071-13E33FEB122A}.Debug|Any CPU.Build.0 = Debug|Any CPU
		{CC00D3CA-7188-4508-9071-13E33FEB122A}.Debug|Any CPU.Deploy.0 = Debug|Any CPU
		{CC00D3CA-7188-4508-9071-13E33FEB122A}.Debug|ARM.ActiveCfg = Debug|ARM
		{CC00D3CA-7188-4508-9071-13E33FEB122A}.Debug|ARM.Build.0 = Debug|ARM
		{CC00D3CA-7188-4508-9071-13E33FEB122A}.Debug|ARM.Deploy.0 = Debug|ARM
		{CC00D3CA-7188-4508-9071-13E33FEB122A}.Debug|x86.ActiveCfg = Debug|x86
		{CC00D3CA-7188-4508-9071-13E33FEB122A}.Debug|x86.Build.0 = Debug|x86
		{CC00D3CA-7188-4508-9071-13E33FEB122A}.Debug|x86.Deploy.0 = Debug|x86
		{CC00D3CA-7188-4508-9071-13E33FEB122A}.Release|Any CPU.ActiveCfg = Release|Any CPU
		{CC00D3CA-7188-4508-9071-13E33FEB122A}.Release|Any CPU.Build.0 = Release|Any CPU
		{CC00D3CA-7188-4508-9071-13E33FEB122A}.Release|Any CPU.Deploy.0 = Release|Any CPU
		{CC00D3CA-7188-4508-9071-13E33FEB122A}.Release|ARM.ActiveCfg = Release|ARM
		{CC00D3CA-7188-4508-9071-13E33FEB122A}.Release|ARM.Build.0 = Release|ARM
		{CC00D3CA-7188-4508-9071-13E33FEB122A}.Release|ARM.Deploy.0 = Release|ARM
		{CC00D3CA-7188-4508-9071-13E33FEB122A}.Release|x86.ActiveCfg = Release|x86
		{CC00D3CA-7188-4508-9071-13E33FEB122A}.Release|x86.Build.0 = Release|x86
		{CC00D3CA-7188-4508-9071-13E33FEB122A}.Release|x86.Deploy.0 = Release|x86
	EndGlobalSection
	GlobalSection(SolutionProperties) = preSolution
		HideSolutionNode = FALSE
	EndGlobalSection
EndGlobal
